
Microsoft Visual Studio Solution File, Format Version 12.00

Project("{2150E333-8FDC-42A3-9474-1A3956D46DE8}") = "Domain", "Domain", "{CAC70226-C7B0-40FD-A730-AFDEB5140F9E}"
EndProject
Project("{2150E333-8FDC-42A3-9474-1A3956D46DE8}") = "Services", "Services", "{D5CC42FC-A1E1-4FDB-B43D-CD4D916DD12B}"
EndProject
Project("{2150E333-8FDC-42A3-9474-1A3956D46DE8}") = "Infrastructures", "Infrastructures", "{D283242C-515D-4898-BE02-C57F10D26EF9}"
EndProject
Project("{2150E333-8FDC-42A3-9474-1A3956D46DE8}") = "WebApi", "WebApi", "{9690AC74-1D69-4402-8392-9B7A3CA3AF5D}"
EndProject
Project("{FAE04EC0-301F-11D3-BF4B-00C04F79EFBC}") = "Domain", "Domain\Domain.csproj", "{6E1728EA-8510-466C-889D-8855B9CBBA7A}"
EndProject
Project("{FAE04EC0-301F-11D3-BF4B-00C04F79EFBC}") = "EvoMarket.WebCore", "EvoMarket.WebCore\EvoMarket.WebCore.csproj", "{0311E9A5-9770-4B06-A7CD-5F2E0336AC6B}"
EndProject
Project("{FAE04EC0-301F-11D3-BF4B-00C04F79EFBC}") = "Shop", "Shop\Shop.csproj", "{CC4D396E-9B9E-411D-95BF-B91156F52715}"
EndProject
Project("{FAE04EC0-301F-11D3-BF4B-00C04F79EFBC}") = "EvoMarket.Payment.Infrastructure", "EvoMarket.Payment.Infrastructure\EvoMarket.Payment.Infrastructure.csproj", "{6A804D20-B6C8-4E2C-9C7B-ACA874ED22E5}"
EndProject
Global
	GlobalSection(SolutionConfigurationPlatforms) = preSolution
		Debug|Any CPU = Debug|Any CPU
		Release|Any CPU = Release|Any CPU
	EndGlobalSection
	GlobalSection(ProjectConfigurationPlatforms) = postSolution


		{6E1728EA-8510-466C-889D-8855B9CBBA7A}.Debug|Any CPU.ActiveCfg = Debug|Any CPU
		{6E1728EA-8510-466C-889D-8855B9CBBA7A}.Debug|Any CPU.Build.0 = Debug|Any CPU
		{6E1728EA-8510-466C-889D-8855B9CBBA7A}.Release|Any CPU.ActiveCfg = Release|Any CPU
		{6E1728EA-8510-466C-889D-8855B9CBBA7A}.Release|Any CPU.Build.0 = Release|Any CPU
		{0311E9A5-9770-4B06-A7CD-5F2E0336AC6B}.Debug|Any CPU.ActiveCfg = Debug|Any CPU
		{0311E9A5-9770-4B06-A7CD-5F2E0336AC6B}.Debug|Any CPU.Build.0 = Debug|Any CPU
		{0311E9A5-9770-4B06-A7CD-5F2E0336AC6B}.Release|Any CPU.ActiveCfg = Release|Any CPU
		{0311E9A5-9770-4B06-A7CD-5F2E0336AC6B}.Release|Any CPU.Build.0 = Release|Any CPU
		{CC4D396E-9B9E-411D-95BF-B91156F52715}.Debug|Any CPU.ActiveCfg = Debug|Any CPU
		{CC4D396E-9B9E-411D-95BF-B91156F52715}.Debug|Any CPU.Build.0 = Debug|Any CPU
		{CC4D396E-9B9E-411D-95BF-B91156F52715}.Release|Any CPU.ActiveCfg = Release|Any CPU
		{CC4D396E-9B9E-411D-95BF-B91156F52715}.Release|Any CPU.Build.0 = Release|Any CPU
		{6A804D20-B6C8-4E2C-9C7B-ACA874ED22E5}.Debug|Any CPU.ActiveCfg = Debug|Any CPU
		{6A804D20-B6C8-4E2C-9C7B-ACA874ED22E5}.Debug|Any CPU.Build.0 = Debug|Any CPU
		{6A804D20-B6C8-4E2C-9C7B-ACA874ED22E5}.Release|Any CPU.ActiveCfg = Release|Any CPU
		{6A804D20-B6C8-4E2C-9C7B-ACA874ED22E5}.Release|Any CPU.Build.0 = Release|Any CPU
	EndGlobalSection
	GlobalSection(NestedProjects) = preSolution



		{6E1728EA-8510-466C-889D-8855B9CBBA7A} = {CAC70226-C7B0-40FD-A730-AFDEB5140F9E}
		{0311E9A5-9770-4B06-A7CD-5F2E0336AC6B} = {CAC70226-C7B0-40FD-A730-AFDEB5140F9E}
		{CC4D396E-9B9E-411D-95BF-B91156F52715} = {D283242C-515D-4898-BE02-C57F10D26EF9}
		{6A804D20-B6C8-4E2C-9C7B-ACA874ED22E5} = {D283242C-515D-4898-BE02-C57F10D26EF9}
	EndGlobalSection
EndGlobal
