
Microsoft Visual Studio Solution File, Format Version 12.00

Project("{2150E333-8FDC-42A3-9474-1A3956D46DE8}") = "Domain", "Domain", "{CAC70226-C7B0-40FD-A730-AFDEB5140F9E}"
EndProject
Project("{2150E333-8FDC-42A3-9474-1A3956D46DE8}") = "Services", "Services", "{D5CC42FC-A1E1-4FDB-B43D-CD4D916DD12B}"
EndProject
Project("{2150E333-8FDC-42A3-9474-1A3956D46DE8}") = "Infrastructures", "Infrastructures", "{D283242C-515D-4898-BE02-C57F10D26EF9}"
EndProject
Project("{2150E333-8FDC-42A3-9474-1A3956D46DE8}") = "WebApi", "WebApi", "{9690AC74-1D69-4402-8392-9B7A3CA3AF5D}"
EndProject
Project("{FAE04EC0-301F-11D3-BF4B-00C04F79EFBC}") = "Domain", "Domain\Domain.csproj", "{6E1728EA-8510-466C-889D-8855B9CBBA7A}"
EndProject
Project("{FAE04EC0-301F-11D3-BF4B-00C04F79EFBC}") = "EvoMarket.WebCore", "EvoMarket.WebCore\EvoMarket.WebCore.csproj", "{0311E9A5-9770-4B06-A7CD-5F2E0336AC6B}"
EndProject
Project("{FAE04EC0-301F-11D3-BF4B-00C04F79EFBC}") = "EvoMarket.Shop.Infrastructures", "EvoMarket.Shop.Infrastructures\EvoMarket.Shop.Infrastructures.csproj", "{CC4D396E-9B9E-411D-95BF-B91156F52715}"
EndProject
Project("{FAE04EC0-301F-11D3-BF4B-00C04F79EFBC}") = "EvoMarket.Auth.Infrastructure", "EvoMarket.Auth.Infrastructure\EvoMarket.Auth.Infrastructure.csproj", "{A2F4EBBD-B05A-40E2-9BEA-50514F1E3E1B}"
EndProject
Project("{FAE04EC0-301F-11D3-BF4B-00C04F79EFBC}") = "EvoMarket.Payment.Infrastructure", "EvoMarket.Payment.Infrastructure\EvoMarket.Payment.Infrastructure.csproj", "{B6A2307B-23B7-4C33-8922-D4FE2B0EEFA3}"
EndProject
Project("{FAE04EC0-301F-11D3-BF4B-00C04F79EFBC}") = "EvoMarket.Payment.Service", "EvoMarket.Payment.Service\EvoMarket.Payment.Service.csproj", "{8AB61191-C5FA-48E5-9495-64D638B7DD64}"
EndProject
Project("{FAE04EC0-301F-11D3-BF4B-00C04F79EFBC}") = "EvoMarket.Auth.Service", "EvoMarket.Auth.Service\EvoMarket.Auth.Service.csproj", "{DBF839D4-2BA0-4552-88B1-2A010BF0B0A8}"
Project("{FAE04EC0-301F-11D3-BF4B-00C04F79EFBC}") = "EvoMarket.Shop.Service", "EvoMarket.Shop.Service\EvoMarket.Shop.Service.csproj", "{98C2EA5B-90ED-4080-9677-A4516EB4DA41}"
EndProject
Project("{FAE04EC0-301F-11D3-BF4B-00C04F79EFBC}") = "EvoMarket.Payment.Api", "EvoMarket.Payment.Api\EvoMarket.Payment.Api.csproj", "{80592E10-1428-4D17-A991-93476C8AD3EE}"
EndProject
Project("{FAE04EC0-301F-11D3-BF4B-00C04F79EFBC}") = "EvoMarket.Shop.Api", "EvoMarket.Shop.Api\EvoMarket.Shop.Api.csproj", "{C7F9B2D8-8D58-4C2E-B5FC-4C2BAB7038D3}"
EndProject
Global
	GlobalSection(SolutionConfigurationPlatforms) = preSolution
		Debug|Any CPU = Debug|Any CPU
		Release|Any CPU = Release|Any CPU
	EndGlobalSection
	GlobalSection(ProjectConfigurationPlatforms) = postSolution


		{6E1728EA-8510-466C-889D-8855B9CBBA7A}.Debug|Any CPU.ActiveCfg = Debug|Any CPU
		{6E1728EA-8510-466C-889D-8855B9CBBA7A}.Debug|Any CPU.Build.0 = Debug|Any CPU
		{6E1728EA-8510-466C-889D-8855B9CBBA7A}.Release|Any CPU.ActiveCfg = Release|Any CPU
		{6E1728EA-8510-466C-889D-8855B9CBBA7A}.Release|Any CPU.Build.0 = Release|Any CPU
		{0311E9A5-9770-4B06-A7CD-5F2E0336AC6B}.Debug|Any CPU.ActiveCfg = Debug|Any CPU
		{0311E9A5-9770-4B06-A7CD-5F2E0336AC6B}.Debug|Any CPU.Build.0 = Debug|Any CPU
		{0311E9A5-9770-4B06-A7CD-5F2E0336AC6B}.Release|Any CPU.ActiveCfg = Release|Any CPU
		{0311E9A5-9770-4B06-A7CD-5F2E0336AC6B}.Release|Any CPU.Build.0 = Release|Any CPU
		{CC4D396E-9B9E-411D-95BF-B91156F52715}.Debug|Any CPU.ActiveCfg = Debug|Any CPU
		{CC4D396E-9B9E-411D-95BF-B91156F52715}.Debug|Any CPU.Build.0 = Debug|Any CPU
		{CC4D396E-9B9E-411D-95BF-B91156F52715}.Release|Any CPU.ActiveCfg = Release|Any CPU
		{CC4D396E-9B9E-411D-95BF-B91156F52715}.Release|Any CPU.Build.0 = Release|Any CPU

		{A2F4EBBD-B05A-40E2-9BEA-50514F1E3E1B}.Debug|Any CPU.ActiveCfg = Debug|Any CPU
		{A2F4EBBD-B05A-40E2-9BEA-50514F1E3E1B}.Debug|Any CPU.Build.0 = Debug|Any CPU
		{A2F4EBBD-B05A-40E2-9BEA-50514F1E3E1B}.Release|Any CPU.ActiveCfg = Release|Any CPU
		{A2F4EBBD-B05A-40E2-9BEA-50514F1E3E1B}.Release|Any CPU.Build.0 = Release|Any CPU
		{B6A2307B-23B7-4C33-8922-D4FE2B0EEFA3}.Debug|Any CPU.ActiveCfg = Debug|Any CPU
		{B6A2307B-23B7-4C33-8922-D4FE2B0EEFA3}.Debug|Any CPU.Build.0 = Debug|Any CPU
		{B6A2307B-23B7-4C33-8922-D4FE2B0EEFA3}.Release|Any CPU.ActiveCfg = Release|Any CPU
		{B6A2307B-23B7-4C33-8922-D4FE2B0EEFA3}.Release|Any CPU.Build.0 = Release|Any CPU
		{8AB61191-C5FA-48E5-9495-64D638B7DD64}.Debug|Any CPU.ActiveCfg = Debug|Any CPU
		{8AB61191-C5FA-48E5-9495-64D638B7DD64}.Debug|Any CPU.Build.0 = Debug|Any CPU
		{8AB61191-C5FA-48E5-9495-64D638B7DD64}.Release|Any CPU.ActiveCfg = Release|Any CPU
		{8AB61191-C5FA-48E5-9495-64D638B7DD64}.Release|Any CPU.Build.0 = Release|Any CPU
		{DBF839D4-2BA0-4552-88B1-2A010BF0B0A8}.Debug|Any CPU.ActiveCfg = Debug|Any CPU
		{DBF839D4-2BA0-4552-88B1-2A010BF0B0A8}.Debug|Any CPU.Build.0 = Debug|Any CPU
		{DBF839D4-2BA0-4552-88B1-2A010BF0B0A8}.Release|Any CPU.ActiveCfg = Release|Any CPU
		{DBF839D4-2BA0-4552-88B1-2A010BF0B0A8}.Release|Any CPU.Build.0 = Release|Any CPU
		{98C2EA5B-90ED-4080-9677-A4516EB4DA41}.Debug|Any CPU.ActiveCfg = Debug|Any CPU
		{98C2EA5B-90ED-4080-9677-A4516EB4DA41}.Debug|Any CPU.Build.0 = Debug|Any CPU
		{98C2EA5B-90ED-4080-9677-A4516EB4DA41}.Release|Any CPU.ActiveCfg = Release|Any CPU
		{98C2EA5B-90ED-4080-9677-A4516EB4DA41}.Release|Any CPU.Build.0 = Release|Any CPU
		{80592E10-1428-4D17-A991-93476C8AD3EE}.Debug|Any CPU.ActiveCfg = Debug|Any CPU
		{80592E10-1428-4D17-A991-93476C8AD3EE}.Debug|Any CPU.Build.0 = Debug|Any CPU
		{80592E10-1428-4D17-A991-93476C8AD3EE}.Release|Any CPU.ActiveCfg = Release|Any CPU
		{80592E10-1428-4D17-A991-93476C8AD3EE}.Release|Any CPU.Build.0 = Release|Any CPU
		{C7F9B2D8-8D58-4C2E-B5FC-4C2BAB7038D3}.Debug|Any CPU.ActiveCfg = Debug|Any CPU
		{C7F9B2D8-8D58-4C2E-B5FC-4C2BAB7038D3}.Debug|Any CPU.Build.0 = Debug|Any CPU
		{C7F9B2D8-8D58-4C2E-B5FC-4C2BAB7038D3}.Release|Any CPU.ActiveCfg = Release|Any CPU
		{C7F9B2D8-8D58-4C2E-B5FC-4C2BAB7038D3}.Release|Any CPU.Build.0 = Release|Any CPU
	EndGlobalSection
	GlobalSection(NestedProjects) = preSolution



		{6E1728EA-8510-466C-889D-8855B9CBBA7A} = {CAC70226-C7B0-40FD-A730-AFDEB5140F9E}
		{0311E9A5-9770-4B06-A7CD-5F2E0336AC6B} = {CAC70226-C7B0-40FD-A730-AFDEB5140F9E}
		{CC4D396E-9B9E-411D-95BF-B91156F52715} = {D283242C-515D-4898-BE02-C57F10D26EF9}

		{A2F4EBBD-B05A-40E2-9BEA-50514F1E3E1B} = {D283242C-515D-4898-BE02-C57F10D26EF9}
		{B6A2307B-23B7-4C33-8922-D4FE2B0EEFA3} = {D283242C-515D-4898-BE02-C57F10D26EF9}
		{8AB61191-C5FA-48E5-9495-64D638B7DD64} = {D5CC42FC-A1E1-4FDB-B43D-CD4D916DD12B}
		{DBF839D4-2BA0-4552-88B1-2A010BF0B0A8} = {D5CC42FC-A1E1-4FDB-B43D-CD4D916DD12B}
		{98C2EA5B-90ED-4080-9677-A4516EB4DA41} = {D5CC42FC-A1E1-4FDB-B43D-CD4D916DD12B}
		{80592E10-1428-4D17-A991-93476C8AD3EE} = {9690AC74-1D69-4402-8392-9B7A3CA3AF5D}
		{C7F9B2D8-8D58-4C2E-B5FC-4C2BAB7038D3} = {9690AC74-1D69-4402-8392-9B7A3CA3AF5D}
	EndGlobalSection
EndGlobal
